
Microsoft Visual Studio Solution File, Format Version 12.00
# Visual Studio 14
VisualStudioVersion = 14.0.25123.0
MinimumVisualStudioVersion = 10.0.40219.1
Project("{8BC9CEB8-8B4A-11D0-8D11-00A0C91BC942}") = "cost cutting", "Design and analysis algorithms\Design and analysis algorithms.vcxproj", "{34CCBDED-7C73-4BB3-80D1-8A1DF50E68A7}"
EndProject
Project("{8BC9CEB8-8B4A-11D0-8D11-00A0C91BC942}") = "SMS typing", "SMS typing\SMS typing.vcxproj", "{7DA8BCE7-43F5-4537-8F1F-A22D2C12D45F}"
EndProject
Project("{8BC9CEB8-8B4A-11D0-8D11-00A0C91BC942}") = "Eight Queen", "Eight Queen\Eight Queen.vcxproj", "{0F60A7DC-8109-44C7-A3C6-CC47FBAA425D}"
EndProject
Project("{8BC9CEB8-8B4A-11D0-8D11-00A0C91BC942}") = "T9spelling", "T9spelling\T9spelling.vcxproj", "{73C20D6E-349A-4A80-9E27-CA8847D11769}"
EndProject
Project("{8BC9CEB8-8B4A-11D0-8D11-00A0C91BC942}") = "Toilet seat", "Toilet seat\Toilet seat.vcxproj", "{A3728768-447E-41EA-8F7C-BDED4E9DFC91}"
EndProject
Project("{8BC9CEB8-8B4A-11D0-8D11-00A0C91BC942}") = "Chess", "Chess\Chess.vcxproj", "{2834A83E-1863-48BF-A0F5-8945106C3CE3}"
EndProject
Project("{8BC9CEB8-8B4A-11D0-8D11-00A0C91BC942}") = "Rock-Paper-scissor", "Rock-Paper-scissor\Rock-Paper-scissor.vcxproj", "{702A0F1F-3506-4D93-90DC-CE1E0FB170F1}"
EndProject
Project("{8BC9CEB8-8B4A-11D0-8D11-00A0C91BC942}") = "T9 SPELLING OFFCIAL", "T9 SPELLING OFFCIAL\T9 SPELLING OFFCIAL.vcxproj", "{4B3ADC0F-1BA8-491A-9E77-13AC91024597}"
EndProject
Project("{8BC9CEB8-8B4A-11D0-8D11-00A0C91BC942}") = "data_structure", "bieu_dien_tap_hop\bieu_dien_tap_hop.vcxproj", "{34E0A48D-51C1-4462-9737-B4E4017D2F9E}"
EndProject
Project("{8BC9CEB8-8B4A-11D0-8D11-00A0C91BC942}") = "Hay point", "hay point\hay point.vcxproj", "{42658264-F0F1-444E-BF0A-0F947ADDC96C}"
EndProject
Project("{8BC9CEB8-8B4A-11D0-8D11-00A0C91BC942}") = "CD", "CD\CD.vcxproj", "{24A012B4-B881-487D-B118-1974295AC0D8}"
EndProject
Project("{8BC9CEB8-8B4A-11D0-8D11-00A0C91BC942}") = "Hay point char", "Hay point char\Hay point char.vcxproj", "{31374969-9E70-469E-9EA8-1D227EEC32E2}"
EndProject
Project("{8BC9CEB8-8B4A-11D0-8D11-00A0C91BC942}") = "Phone List OFFCIAL", "Phone List OFFCIAL\Phone List OFFCIAL.vcxproj", "{7C54AA82-8BE7-4EA1-B960-5AD7F9AE426B}"
EndProject
Project("{8BC9CEB8-8B4A-11D0-8D11-00A0C91BC942}") = "Cookie Selection OFFCIAL", "Cookie Selection OFFCIAL\Cookie Selection OFFCIAL.vcxproj", "{509915A2-675C-4A75-A145-FC93A79C1FBD}"
EndProject
Project("{8BC9CEB8-8B4A-11D0-8D11-00A0C91BC942}") = "a different problem", "a different problem\a different problem.vcxproj", "{26FBB369-15A4-4936-A819-E2463433E2C5}"
EndProject
Project("{8BC9CEB8-8B4A-11D0-8D11-00A0C91BC942}") = "i can guess data structure", "i can guess data structure\i can guess data structure.vcxproj", "{E5C59741-97B1-4685-8640-00A2CA6446FD}"
EndProject
Project("{8BC9CEB8-8B4A-11D0-8D11-00A0C91BC942}") = "Digital display", "Digital display\Digital display.vcxproj", "{0710F97B-314C-481C-B4A2-B827DBF235C3}"
EndProject
Project("{8BC9CEB8-8B4A-11D0-8D11-00A0C91BC942}") = "quite a problem", "quite a problem\quite a problem.vcxproj", "{50D486DF-A5B6-4220-A7E6-A1ABD5E8A43D}"
EndProject
Project("{8BC9CEB8-8B4A-11D0-8D11-00A0C91BC942}") = "booking", "booking\booking.vcxproj", "{CB9AA915-838A-42A0-A108-23101C827716}"
EndProject
Project("{8BC9CEB8-8B4A-11D0-8D11-00A0C91BC942}") = "calories from fat", "calories from fat\calories from fat.vcxproj", "{98DE4076-D692-4E05-98D7-26B818BB7870}"
EndProject
Project("{8BC9CEB8-8B4A-11D0-8D11-00A0C91BC942}") = "Turbo", "Turbo\Turbo.vcxproj", "{F13F07FC-F7AC-49ED-BD47-65197CE7B8D5}"
EndProject
Project("{8BC9CEB8-8B4A-11D0-8D11-00A0C91BC942}") = "Chess OFFCIAL", "Eight Queen OFFCIAL\Eight Queen OFFCIAL.vcxproj", "{D1903372-481E-4A80-9D4E-706446B84B26}"
EndProject
Project("{8BC9CEB8-8B4A-11D0-8D11-00A0C91BC942}") = "obama_sort", "obama_sort\obama_sort.vcxproj", "{1DB0727A-1036-481A-AD97-93579FA962EA}"
EndProject
Project("{8BC9CEB8-8B4A-11D0-8D11-00A0C91BC942}") = "lifing walls", "lifing walls\lifing walls.vcxproj", "{BB2B81DE-2DA2-466F-99BB-ADDF1F4F53FC}"
EndProject
Project("{8BC9CEB8-8B4A-11D0-8D11-00A0C91BC942}") = "Natjecanje", "Natjecanje\Natjecanje.vcxproj", "{52EBBACA-13F1-45DA-B62D-134D29299D10}"
EndProject
Project("{8BC9CEB8-8B4A-11D0-8D11-00A0C91BC942}") = "Welcome to code jam (easy)", "Welcome to code jam (easy)\Welcome to code jam (easy).vcxproj", "{1F09EF13-1A69-434A-9BA4-936376CFD71C}"
EndProject
Project("{8BC9CEB8-8B4A-11D0-8D11-00A0C91BC942}") = "Sylvester Constructure", "Sylvester Constructure\Sylvester Constructure.vcxproj", "{35460DB1-8864-4FC6-B4AA-7B44FD8755B9}"
EndProject
Project("{8BC9CEB8-8B4A-11D0-8D11-00A0C91BC942}") = "Exact Change", "Exact Change\Exact Change.vcxproj", "{104AFD02-EAB8-4AC1-9212-2C57A31A9221}"
EndProject
Project("{8BC9CEB8-8B4A-11D0-8D11-00A0C91BC942}") = "Exact_Change_test", "Exact_Change_test\Exact_Change_test.vcxproj", "{C0CA3E94-EB0E-413E-8FDE-2B74E89E53F0}"
EndProject
Project("{8BC9CEB8-8B4A-11D0-8D11-00A0C91BC942}") = "Radio_Commercials", "Radio_Commercials\Radio_Commercials.vcxproj", "{12CF1E0E-10C5-46CA-84A6-CECAF69BD13F}"
EndProject
Project("{8BC9CEB8-8B4A-11D0-8D11-00A0C91BC942}") = "Digit_Sum", "Digit_Sum\Digit_Sum.vcxproj", "{2788B798-9983-4279-816C-95AAE930BE74}"
EndProject
Project("{8BC9CEB8-8B4A-11D0-8D11-00A0C91BC942}") = "The MailBox", "The MailBox\The MailBox.vcxproj", "{52ADE4C7-6B96-4C79-A857-5BE5A8EBD955}"
EndProject
Project("{8BC9CEB8-8B4A-11D0-8D11-00A0C91BC942}") = "Planting tree", "Planting tree\Planting tree.vcxproj", "{63272907-DD42-4CE2-BB3D-1D4D6D313287}"
EndProject
Project("{8BC9CEB8-8B4A-11D0-8D11-00A0C91BC942}") = "Virus_replication", "Virus_replication\Virus_replication.vcxproj", "{9B0F4E55-71E7-4AF2-B929-DA35DA8AA143}"
EndProject
Project("{8BC9CEB8-8B4A-11D0-8D11-00A0C91BC942}") = "Bank_queue", "Bank quêu\Bank quêu.vcxproj", "{8A4C53E0-B129-40F4-8EF9-0AE6A9104E0A}"
EndProject
Project("{8BC9CEB8-8B4A-11D0-8D11-00A0C91BC942}") = "Low Power", "Low Power\Low Power.vcxproj", "{8AB4D367-EEBB-4FE2-AC18-3CD3D5A92751}"
EndProject
Project("{8BC9CEB8-8B4A-11D0-8D11-00A0C91BC942}") = "BT lon", "BT lon\BT lon.vcxproj", "{1BAA8AC4-2374-4308-9E3B-09A42ECCE2D8}"
EndProject
Project("{8BC9CEB8-8B4A-11D0-8D11-00A0C91BC942}") = "Coast Length", "Coast Length\Coast Length.vcxproj", "{2D7BE498-455C-40EC-8AE3-A17FE715824F}"
EndProject
Project("{8BC9CEB8-8B4A-11D0-8D11-00A0C91BC942}") = "Dominos_1", "Dominos_1\Dominos_1.vcxproj", "{F16ED2DC-B0BE-4F4B-9E40-E36BA56578B9}"
EndProject
Project("{8BC9CEB8-8B4A-11D0-8D11-00A0C91BC942}") = "Dominos_2", "Dominos_2\Dominos_2.vcxproj", "{92440B6B-E75F-4CA8-9563-7A255DF609AE}"
EndProject
Global
	GlobalSection(SolutionConfigurationPlatforms) = preSolution
		Debug|x64 = Debug|x64
		Debug|x86 = Debug|x86
		Release|x64 = Release|x64
		Release|x86 = Release|x86
	EndGlobalSection
	GlobalSection(ProjectConfigurationPlatforms) = postSolution
		{34CCBDED-7C73-4BB3-80D1-8A1DF50E68A7}.Debug|x64.ActiveCfg = Debug|x64
		{34CCBDED-7C73-4BB3-80D1-8A1DF50E68A7}.Debug|x64.Build.0 = Debug|x64
		{34CCBDED-7C73-4BB3-80D1-8A1DF50E68A7}.Debug|x86.ActiveCfg = Debug|Win32
		{34CCBDED-7C73-4BB3-80D1-8A1DF50E68A7}.Debug|x86.Build.0 = Debug|Win32
		{34CCBDED-7C73-4BB3-80D1-8A1DF50E68A7}.Release|x64.ActiveCfg = Release|x64
		{34CCBDED-7C73-4BB3-80D1-8A1DF50E68A7}.Release|x64.Build.0 = Release|x64
		{34CCBDED-7C73-4BB3-80D1-8A1DF50E68A7}.Release|x86.ActiveCfg = Release|Win32
		{34CCBDED-7C73-4BB3-80D1-8A1DF50E68A7}.Release|x86.Build.0 = Release|Win32
		{7DA8BCE7-43F5-4537-8F1F-A22D2C12D45F}.Debug|x64.ActiveCfg = Debug|x64
		{7DA8BCE7-43F5-4537-8F1F-A22D2C12D45F}.Debug|x64.Build.0 = Debug|x64
		{7DA8BCE7-43F5-4537-8F1F-A22D2C12D45F}.Debug|x86.ActiveCfg = Debug|Win32
		{7DA8BCE7-43F5-4537-8F1F-A22D2C12D45F}.Debug|x86.Build.0 = Debug|Win32
		{7DA8BCE7-43F5-4537-8F1F-A22D2C12D45F}.Release|x64.ActiveCfg = Release|x64
		{7DA8BCE7-43F5-4537-8F1F-A22D2C12D45F}.Release|x64.Build.0 = Release|x64
		{7DA8BCE7-43F5-4537-8F1F-A22D2C12D45F}.Release|x86.ActiveCfg = Release|Win32
		{7DA8BCE7-43F5-4537-8F1F-A22D2C12D45F}.Release|x86.Build.0 = Release|Win32
		{0F60A7DC-8109-44C7-A3C6-CC47FBAA425D}.Debug|x64.ActiveCfg = Debug|x64
		{0F60A7DC-8109-44C7-A3C6-CC47FBAA425D}.Debug|x64.Build.0 = Debug|x64
		{0F60A7DC-8109-44C7-A3C6-CC47FBAA425D}.Debug|x86.ActiveCfg = Debug|Win32
		{0F60A7DC-8109-44C7-A3C6-CC47FBAA425D}.Debug|x86.Build.0 = Debug|Win32
		{0F60A7DC-8109-44C7-A3C6-CC47FBAA425D}.Release|x64.ActiveCfg = Release|x64
		{0F60A7DC-8109-44C7-A3C6-CC47FBAA425D}.Release|x64.Build.0 = Release|x64
		{0F60A7DC-8109-44C7-A3C6-CC47FBAA425D}.Release|x86.ActiveCfg = Release|Win32
		{0F60A7DC-8109-44C7-A3C6-CC47FBAA425D}.Release|x86.Build.0 = Release|Win32
		{73C20D6E-349A-4A80-9E27-CA8847D11769}.Debug|x64.ActiveCfg = Debug|x64
		{73C20D6E-349A-4A80-9E27-CA8847D11769}.Debug|x64.Build.0 = Debug|x64
		{73C20D6E-349A-4A80-9E27-CA8847D11769}.Debug|x86.ActiveCfg = Debug|Win32
		{73C20D6E-349A-4A80-9E27-CA8847D11769}.Debug|x86.Build.0 = Debug|Win32
		{73C20D6E-349A-4A80-9E27-CA8847D11769}.Release|x64.ActiveCfg = Release|x64
		{73C20D6E-349A-4A80-9E27-CA8847D11769}.Release|x64.Build.0 = Release|x64
		{73C20D6E-349A-4A80-9E27-CA8847D11769}.Release|x86.ActiveCfg = Release|Win32
		{73C20D6E-349A-4A80-9E27-CA8847D11769}.Release|x86.Build.0 = Release|Win32
		{A3728768-447E-41EA-8F7C-BDED4E9DFC91}.Debug|x64.ActiveCfg = Debug|x64
		{A3728768-447E-41EA-8F7C-BDED4E9DFC91}.Debug|x64.Build.0 = Debug|x64
		{A3728768-447E-41EA-8F7C-BDED4E9DFC91}.Debug|x86.ActiveCfg = Debug|Win32
		{A3728768-447E-41EA-8F7C-BDED4E9DFC91}.Debug|x86.Build.0 = Debug|Win32
		{A3728768-447E-41EA-8F7C-BDED4E9DFC91}.Release|x64.ActiveCfg = Release|x64
		{A3728768-447E-41EA-8F7C-BDED4E9DFC91}.Release|x64.Build.0 = Release|x64
		{A3728768-447E-41EA-8F7C-BDED4E9DFC91}.Release|x86.ActiveCfg = Release|Win32
		{A3728768-447E-41EA-8F7C-BDED4E9DFC91}.Release|x86.Build.0 = Release|Win32
		{2834A83E-1863-48BF-A0F5-8945106C3CE3}.Debug|x64.ActiveCfg = Debug|x64
		{2834A83E-1863-48BF-A0F5-8945106C3CE3}.Debug|x64.Build.0 = Debug|x64
		{2834A83E-1863-48BF-A0F5-8945106C3CE3}.Debug|x86.ActiveCfg = Debug|Win32
		{2834A83E-1863-48BF-A0F5-8945106C3CE3}.Debug|x86.Build.0 = Debug|Win32
		{2834A83E-1863-48BF-A0F5-8945106C3CE3}.Release|x64.ActiveCfg = Release|x64
		{2834A83E-1863-48BF-A0F5-8945106C3CE3}.Release|x64.Build.0 = Release|x64
		{2834A83E-1863-48BF-A0F5-8945106C3CE3}.Release|x86.ActiveCfg = Release|Win32
		{2834A83E-1863-48BF-A0F5-8945106C3CE3}.Release|x86.Build.0 = Release|Win32
		{702A0F1F-3506-4D93-90DC-CE1E0FB170F1}.Debug|x64.ActiveCfg = Debug|x64
		{702A0F1F-3506-4D93-90DC-CE1E0FB170F1}.Debug|x64.Build.0 = Debug|x64
		{702A0F1F-3506-4D93-90DC-CE1E0FB170F1}.Debug|x86.ActiveCfg = Debug|Win32
		{702A0F1F-3506-4D93-90DC-CE1E0FB170F1}.Debug|x86.Build.0 = Debug|Win32
		{702A0F1F-3506-4D93-90DC-CE1E0FB170F1}.Release|x64.ActiveCfg = Release|x64
		{702A0F1F-3506-4D93-90DC-CE1E0FB170F1}.Release|x64.Build.0 = Release|x64
		{702A0F1F-3506-4D93-90DC-CE1E0FB170F1}.Release|x86.ActiveCfg = Release|Win32
		{702A0F1F-3506-4D93-90DC-CE1E0FB170F1}.Release|x86.Build.0 = Release|Win32
		{4B3ADC0F-1BA8-491A-9E77-13AC91024597}.Debug|x64.ActiveCfg = Debug|x64
		{4B3ADC0F-1BA8-491A-9E77-13AC91024597}.Debug|x64.Build.0 = Debug|x64
		{4B3ADC0F-1BA8-491A-9E77-13AC91024597}.Debug|x86.ActiveCfg = Debug|Win32
		{4B3ADC0F-1BA8-491A-9E77-13AC91024597}.Debug|x86.Build.0 = Debug|Win32
		{4B3ADC0F-1BA8-491A-9E77-13AC91024597}.Release|x64.ActiveCfg = Release|x64
		{4B3ADC0F-1BA8-491A-9E77-13AC91024597}.Release|x64.Build.0 = Release|x64
		{4B3ADC0F-1BA8-491A-9E77-13AC91024597}.Release|x86.ActiveCfg = Release|Win32
		{4B3ADC0F-1BA8-491A-9E77-13AC91024597}.Release|x86.Build.0 = Release|Win32
		{34E0A48D-51C1-4462-9737-B4E4017D2F9E}.Debug|x64.ActiveCfg = Debug|x64
		{34E0A48D-51C1-4462-9737-B4E4017D2F9E}.Debug|x64.Build.0 = Debug|x64
		{34E0A48D-51C1-4462-9737-B4E4017D2F9E}.Debug|x86.ActiveCfg = Debug|Win32
		{34E0A48D-51C1-4462-9737-B4E4017D2F9E}.Debug|x86.Build.0 = Debug|Win32
		{34E0A48D-51C1-4462-9737-B4E4017D2F9E}.Release|x64.ActiveCfg = Release|x64
		{34E0A48D-51C1-4462-9737-B4E4017D2F9E}.Release|x64.Build.0 = Release|x64
		{34E0A48D-51C1-4462-9737-B4E4017D2F9E}.Release|x86.ActiveCfg = Release|Win32
		{34E0A48D-51C1-4462-9737-B4E4017D2F9E}.Release|x86.Build.0 = Release|Win32
		{42658264-F0F1-444E-BF0A-0F947ADDC96C}.Debug|x64.ActiveCfg = Debug|x64
		{42658264-F0F1-444E-BF0A-0F947ADDC96C}.Debug|x64.Build.0 = Debug|x64
		{42658264-F0F1-444E-BF0A-0F947ADDC96C}.Debug|x86.ActiveCfg = Debug|Win32
		{42658264-F0F1-444E-BF0A-0F947ADDC96C}.Debug|x86.Build.0 = Debug|Win32
		{42658264-F0F1-444E-BF0A-0F947ADDC96C}.Release|x64.ActiveCfg = Release|x64
		{42658264-F0F1-444E-BF0A-0F947ADDC96C}.Release|x64.Build.0 = Release|x64
		{42658264-F0F1-444E-BF0A-0F947ADDC96C}.Release|x86.ActiveCfg = Release|Win32
		{42658264-F0F1-444E-BF0A-0F947ADDC96C}.Release|x86.Build.0 = Release|Win32
		{24A012B4-B881-487D-B118-1974295AC0D8}.Debug|x64.ActiveCfg = Debug|x64
		{24A012B4-B881-487D-B118-1974295AC0D8}.Debug|x64.Build.0 = Debug|x64
		{24A012B4-B881-487D-B118-1974295AC0D8}.Debug|x86.ActiveCfg = Debug|Win32
		{24A012B4-B881-487D-B118-1974295AC0D8}.Debug|x86.Build.0 = Debug|Win32
		{24A012B4-B881-487D-B118-1974295AC0D8}.Release|x64.ActiveCfg = Release|x64
		{24A012B4-B881-487D-B118-1974295AC0D8}.Release|x64.Build.0 = Release|x64
		{24A012B4-B881-487D-B118-1974295AC0D8}.Release|x86.ActiveCfg = Release|Win32
		{24A012B4-B881-487D-B118-1974295AC0D8}.Release|x86.Build.0 = Release|Win32
		{31374969-9E70-469E-9EA8-1D227EEC32E2}.Debug|x64.ActiveCfg = Debug|x64
		{31374969-9E70-469E-9EA8-1D227EEC32E2}.Debug|x64.Build.0 = Debug|x64
		{31374969-9E70-469E-9EA8-1D227EEC32E2}.Debug|x86.ActiveCfg = Debug|Win32
		{31374969-9E70-469E-9EA8-1D227EEC32E2}.Debug|x86.Build.0 = Debug|Win32
		{31374969-9E70-469E-9EA8-1D227EEC32E2}.Release|x64.ActiveCfg = Release|x64
		{31374969-9E70-469E-9EA8-1D227EEC32E2}.Release|x64.Build.0 = Release|x64
		{31374969-9E70-469E-9EA8-1D227EEC32E2}.Release|x86.ActiveCfg = Release|Win32
		{31374969-9E70-469E-9EA8-1D227EEC32E2}.Release|x86.Build.0 = Release|Win32
		{7C54AA82-8BE7-4EA1-B960-5AD7F9AE426B}.Debug|x64.ActiveCfg = Debug|x64
		{7C54AA82-8BE7-4EA1-B960-5AD7F9AE426B}.Debug|x64.Build.0 = Debug|x64
		{7C54AA82-8BE7-4EA1-B960-5AD7F9AE426B}.Debug|x86.ActiveCfg = Debug|Win32
		{7C54AA82-8BE7-4EA1-B960-5AD7F9AE426B}.Debug|x86.Build.0 = Debug|Win32
		{7C54AA82-8BE7-4EA1-B960-5AD7F9AE426B}.Release|x64.ActiveCfg = Release|x64
		{7C54AA82-8BE7-4EA1-B960-5AD7F9AE426B}.Release|x64.Build.0 = Release|x64
		{7C54AA82-8BE7-4EA1-B960-5AD7F9AE426B}.Release|x86.ActiveCfg = Release|Win32
		{7C54AA82-8BE7-4EA1-B960-5AD7F9AE426B}.Release|x86.Build.0 = Release|Win32
		{509915A2-675C-4A75-A145-FC93A79C1FBD}.Debug|x64.ActiveCfg = Debug|x64
		{509915A2-675C-4A75-A145-FC93A79C1FBD}.Debug|x64.Build.0 = Debug|x64
		{509915A2-675C-4A75-A145-FC93A79C1FBD}.Debug|x86.ActiveCfg = Debug|Win32
		{509915A2-675C-4A75-A145-FC93A79C1FBD}.Debug|x86.Build.0 = Debug|Win32
		{509915A2-675C-4A75-A145-FC93A79C1FBD}.Release|x64.ActiveCfg = Release|x64
		{509915A2-675C-4A75-A145-FC93A79C1FBD}.Release|x64.Build.0 = Release|x64
		{509915A2-675C-4A75-A145-FC93A79C1FBD}.Release|x86.ActiveCfg = Release|Win32
		{509915A2-675C-4A75-A145-FC93A79C1FBD}.Release|x86.Build.0 = Release|Win32
		{26FBB369-15A4-4936-A819-E2463433E2C5}.Debug|x64.ActiveCfg = Debug|x64
		{26FBB369-15A4-4936-A819-E2463433E2C5}.Debug|x64.Build.0 = Debug|x64
		{26FBB369-15A4-4936-A819-E2463433E2C5}.Debug|x86.ActiveCfg = Debug|Win32
		{26FBB369-15A4-4936-A819-E2463433E2C5}.Debug|x86.Build.0 = Debug|Win32
		{26FBB369-15A4-4936-A819-E2463433E2C5}.Release|x64.ActiveCfg = Release|x64
		{26FBB369-15A4-4936-A819-E2463433E2C5}.Release|x64.Build.0 = Release|x64
		{26FBB369-15A4-4936-A819-E2463433E2C5}.Release|x86.ActiveCfg = Release|Win32
		{26FBB369-15A4-4936-A819-E2463433E2C5}.Release|x86.Build.0 = Release|Win32
		{E5C59741-97B1-4685-8640-00A2CA6446FD}.Debug|x64.ActiveCfg = Debug|x64
		{E5C59741-97B1-4685-8640-00A2CA6446FD}.Debug|x64.Build.0 = Debug|x64
		{E5C59741-97B1-4685-8640-00A2CA6446FD}.Debug|x86.ActiveCfg = Debug|Win32
		{E5C59741-97B1-4685-8640-00A2CA6446FD}.Debug|x86.Build.0 = Debug|Win32
		{E5C59741-97B1-4685-8640-00A2CA6446FD}.Release|x64.ActiveCfg = Release|x64
		{E5C59741-97B1-4685-8640-00A2CA6446FD}.Release|x64.Build.0 = Release|x64
		{E5C59741-97B1-4685-8640-00A2CA6446FD}.Release|x86.ActiveCfg = Release|Win32
		{E5C59741-97B1-4685-8640-00A2CA6446FD}.Release|x86.Build.0 = Release|Win32
		{0710F97B-314C-481C-B4A2-B827DBF235C3}.Debug|x64.ActiveCfg = Debug|x64
		{0710F97B-314C-481C-B4A2-B827DBF235C3}.Debug|x64.Build.0 = Debug|x64
		{0710F97B-314C-481C-B4A2-B827DBF235C3}.Debug|x86.ActiveCfg = Debug|Win32
		{0710F97B-314C-481C-B4A2-B827DBF235C3}.Debug|x86.Build.0 = Debug|Win32
		{0710F97B-314C-481C-B4A2-B827DBF235C3}.Release|x64.ActiveCfg = Release|x64
		{0710F97B-314C-481C-B4A2-B827DBF235C3}.Release|x64.Build.0 = Release|x64
		{0710F97B-314C-481C-B4A2-B827DBF235C3}.Release|x86.ActiveCfg = Release|Win32
		{0710F97B-314C-481C-B4A2-B827DBF235C3}.Release|x86.Build.0 = Release|Win32
		{50D486DF-A5B6-4220-A7E6-A1ABD5E8A43D}.Debug|x64.ActiveCfg = Debug|x64
		{50D486DF-A5B6-4220-A7E6-A1ABD5E8A43D}.Debug|x64.Build.0 = Debug|x64
		{50D486DF-A5B6-4220-A7E6-A1ABD5E8A43D}.Debug|x86.ActiveCfg = Debug|Win32
		{50D486DF-A5B6-4220-A7E6-A1ABD5E8A43D}.Debug|x86.Build.0 = Debug|Win32
		{50D486DF-A5B6-4220-A7E6-A1ABD5E8A43D}.Release|x64.ActiveCfg = Release|x64
		{50D486DF-A5B6-4220-A7E6-A1ABD5E8A43D}.Release|x64.Build.0 = Release|x64
		{50D486DF-A5B6-4220-A7E6-A1ABD5E8A43D}.Release|x86.ActiveCfg = Release|Win32
		{50D486DF-A5B6-4220-A7E6-A1ABD5E8A43D}.Release|x86.Build.0 = Release|Win32
		{CB9AA915-838A-42A0-A108-23101C827716}.Debug|x64.ActiveCfg = Debug|x64
		{CB9AA915-838A-42A0-A108-23101C827716}.Debug|x64.Build.0 = Debug|x64
		{CB9AA915-838A-42A0-A108-23101C827716}.Debug|x86.ActiveCfg = Debug|Win32
		{CB9AA915-838A-42A0-A108-23101C827716}.Debug|x86.Build.0 = Debug|Win32
		{CB9AA915-838A-42A0-A108-23101C827716}.Release|x64.ActiveCfg = Release|x64
		{CB9AA915-838A-42A0-A108-23101C827716}.Release|x64.Build.0 = Release|x64
		{CB9AA915-838A-42A0-A108-23101C827716}.Release|x86.ActiveCfg = Release|Win32
		{CB9AA915-838A-42A0-A108-23101C827716}.Release|x86.Build.0 = Release|Win32
		{98DE4076-D692-4E05-98D7-26B818BB7870}.Debug|x64.ActiveCfg = Debug|x64
		{98DE4076-D692-4E05-98D7-26B818BB7870}.Debug|x64.Build.0 = Debug|x64
		{98DE4076-D692-4E05-98D7-26B818BB7870}.Debug|x86.ActiveCfg = Debug|Win32
		{98DE4076-D692-4E05-98D7-26B818BB7870}.Debug|x86.Build.0 = Debug|Win32
		{98DE4076-D692-4E05-98D7-26B818BB7870}.Release|x64.ActiveCfg = Release|x64
		{98DE4076-D692-4E05-98D7-26B818BB7870}.Release|x64.Build.0 = Release|x64
		{98DE4076-D692-4E05-98D7-26B818BB7870}.Release|x86.ActiveCfg = Release|Win32
		{98DE4076-D692-4E05-98D7-26B818BB7870}.Release|x86.Build.0 = Release|Win32
		{F13F07FC-F7AC-49ED-BD47-65197CE7B8D5}.Debug|x64.ActiveCfg = Debug|x64
		{F13F07FC-F7AC-49ED-BD47-65197CE7B8D5}.Debug|x64.Build.0 = Debug|x64
		{F13F07FC-F7AC-49ED-BD47-65197CE7B8D5}.Debug|x86.ActiveCfg = Debug|Win32
		{F13F07FC-F7AC-49ED-BD47-65197CE7B8D5}.Debug|x86.Build.0 = Debug|Win32
		{F13F07FC-F7AC-49ED-BD47-65197CE7B8D5}.Release|x64.ActiveCfg = Release|x64
		{F13F07FC-F7AC-49ED-BD47-65197CE7B8D5}.Release|x64.Build.0 = Release|x64
		{F13F07FC-F7AC-49ED-BD47-65197CE7B8D5}.Release|x86.ActiveCfg = Release|Win32
		{F13F07FC-F7AC-49ED-BD47-65197CE7B8D5}.Release|x86.Build.0 = Release|Win32
		{D1903372-481E-4A80-9D4E-706446B84B26}.Debug|x64.ActiveCfg = Debug|x64
		{D1903372-481E-4A80-9D4E-706446B84B26}.Debug|x64.Build.0 = Debug|x64
		{D1903372-481E-4A80-9D4E-706446B84B26}.Debug|x86.ActiveCfg = Debug|Win32
		{D1903372-481E-4A80-9D4E-706446B84B26}.Debug|x86.Build.0 = Debug|Win32
		{D1903372-481E-4A80-9D4E-706446B84B26}.Release|x64.ActiveCfg = Release|x64
		{D1903372-481E-4A80-9D4E-706446B84B26}.Release|x64.Build.0 = Release|x64
		{D1903372-481E-4A80-9D4E-706446B84B26}.Release|x86.ActiveCfg = Release|Win32
		{D1903372-481E-4A80-9D4E-706446B84B26}.Release|x86.Build.0 = Release|Win32
		{1DB0727A-1036-481A-AD97-93579FA962EA}.Debug|x64.ActiveCfg = Debug|x64
		{1DB0727A-1036-481A-AD97-93579FA962EA}.Debug|x64.Build.0 = Debug|x64
		{1DB0727A-1036-481A-AD97-93579FA962EA}.Debug|x86.ActiveCfg = Debug|Win32
		{1DB0727A-1036-481A-AD97-93579FA962EA}.Debug|x86.Build.0 = Debug|Win32
		{1DB0727A-1036-481A-AD97-93579FA962EA}.Release|x64.ActiveCfg = Release|x64
		{1DB0727A-1036-481A-AD97-93579FA962EA}.Release|x64.Build.0 = Release|x64
		{1DB0727A-1036-481A-AD97-93579FA962EA}.Release|x86.ActiveCfg = Release|Win32
		{1DB0727A-1036-481A-AD97-93579FA962EA}.Release|x86.Build.0 = Release|Win32
		{BB2B81DE-2DA2-466F-99BB-ADDF1F4F53FC}.Debug|x64.ActiveCfg = Debug|x64
		{BB2B81DE-2DA2-466F-99BB-ADDF1F4F53FC}.Debug|x64.Build.0 = Debug|x64
		{BB2B81DE-2DA2-466F-99BB-ADDF1F4F53FC}.Debug|x86.ActiveCfg = Debug|Win32
		{BB2B81DE-2DA2-466F-99BB-ADDF1F4F53FC}.Debug|x86.Build.0 = Debug|Win32
		{BB2B81DE-2DA2-466F-99BB-ADDF1F4F53FC}.Release|x64.ActiveCfg = Release|x64
		{BB2B81DE-2DA2-466F-99BB-ADDF1F4F53FC}.Release|x64.Build.0 = Release|x64
		{BB2B81DE-2DA2-466F-99BB-ADDF1F4F53FC}.Release|x86.ActiveCfg = Release|Win32
		{BB2B81DE-2DA2-466F-99BB-ADDF1F4F53FC}.Release|x86.Build.0 = Release|Win32
		{52EBBACA-13F1-45DA-B62D-134D29299D10}.Debug|x64.ActiveCfg = Debug|x64
		{52EBBACA-13F1-45DA-B62D-134D29299D10}.Debug|x64.Build.0 = Debug|x64
		{52EBBACA-13F1-45DA-B62D-134D29299D10}.Debug|x86.ActiveCfg = Debug|Win32
		{52EBBACA-13F1-45DA-B62D-134D29299D10}.Debug|x86.Build.0 = Debug|Win32
		{52EBBACA-13F1-45DA-B62D-134D29299D10}.Release|x64.ActiveCfg = Release|x64
		{52EBBACA-13F1-45DA-B62D-134D29299D10}.Release|x64.Build.0 = Release|x64
		{52EBBACA-13F1-45DA-B62D-134D29299D10}.Release|x86.ActiveCfg = Release|Win32
		{52EBBACA-13F1-45DA-B62D-134D29299D10}.Release|x86.Build.0 = Release|Win32
		{1F09EF13-1A69-434A-9BA4-936376CFD71C}.Debug|x64.ActiveCfg = Debug|x64
		{1F09EF13-1A69-434A-9BA4-936376CFD71C}.Debug|x64.Build.0 = Debug|x64
		{1F09EF13-1A69-434A-9BA4-936376CFD71C}.Debug|x86.ActiveCfg = Debug|Win32
		{1F09EF13-1A69-434A-9BA4-936376CFD71C}.Debug|x86.Build.0 = Debug|Win32
		{1F09EF13-1A69-434A-9BA4-936376CFD71C}.Release|x64.ActiveCfg = Release|x64
		{1F09EF13-1A69-434A-9BA4-936376CFD71C}.Release|x64.Build.0 = Release|x64
		{1F09EF13-1A69-434A-9BA4-936376CFD71C}.Release|x86.ActiveCfg = Release|Win32
		{1F09EF13-1A69-434A-9BA4-936376CFD71C}.Release|x86.Build.0 = Release|Win32
		{35460DB1-8864-4FC6-B4AA-7B44FD8755B9}.Debug|x64.ActiveCfg = Debug|x64
		{35460DB1-8864-4FC6-B4AA-7B44FD8755B9}.Debug|x64.Build.0 = Debug|x64
		{35460DB1-8864-4FC6-B4AA-7B44FD8755B9}.Debug|x86.ActiveCfg = Debug|Win32
		{35460DB1-8864-4FC6-B4AA-7B44FD8755B9}.Debug|x86.Build.0 = Debug|Win32
		{35460DB1-8864-4FC6-B4AA-7B44FD8755B9}.Release|x64.ActiveCfg = Release|x64
		{35460DB1-8864-4FC6-B4AA-7B44FD8755B9}.Release|x64.Build.0 = Release|x64
		{35460DB1-8864-4FC6-B4AA-7B44FD8755B9}.Release|x86.ActiveCfg = Release|Win32
		{35460DB1-8864-4FC6-B4AA-7B44FD8755B9}.Release|x86.Build.0 = Release|Win32
		{104AFD02-EAB8-4AC1-9212-2C57A31A9221}.Debug|x64.ActiveCfg = Debug|x64
		{104AFD02-EAB8-4AC1-9212-2C57A31A9221}.Debug|x64.Build.0 = Debug|x64
		{104AFD02-EAB8-4AC1-9212-2C57A31A9221}.Debug|x86.ActiveCfg = Debug|Win32
		{104AFD02-EAB8-4AC1-9212-2C57A31A9221}.Debug|x86.Build.0 = Debug|Win32
		{104AFD02-EAB8-4AC1-9212-2C57A31A9221}.Release|x64.ActiveCfg = Release|x64
		{104AFD02-EAB8-4AC1-9212-2C57A31A9221}.Release|x64.Build.0 = Release|x64
		{104AFD02-EAB8-4AC1-9212-2C57A31A9221}.Release|x86.ActiveCfg = Release|Win32
		{104AFD02-EAB8-4AC1-9212-2C57A31A9221}.Release|x86.Build.0 = Release|Win32
		{C0CA3E94-EB0E-413E-8FDE-2B74E89E53F0}.Debug|x64.ActiveCfg = Debug|x64
		{C0CA3E94-EB0E-413E-8FDE-2B74E89E53F0}.Debug|x64.Build.0 = Debug|x64
		{C0CA3E94-EB0E-413E-8FDE-2B74E89E53F0}.Debug|x86.ActiveCfg = Debug|Win32
		{C0CA3E94-EB0E-413E-8FDE-2B74E89E53F0}.Debug|x86.Build.0 = Debug|Win32
		{C0CA3E94-EB0E-413E-8FDE-2B74E89E53F0}.Release|x64.ActiveCfg = Release|x64
		{C0CA3E94-EB0E-413E-8FDE-2B74E89E53F0}.Release|x64.Build.0 = Release|x64
		{C0CA3E94-EB0E-413E-8FDE-2B74E89E53F0}.Release|x86.ActiveCfg = Release|Win32
		{C0CA3E94-EB0E-413E-8FDE-2B74E89E53F0}.Release|x86.Build.0 = Release|Win32
		{12CF1E0E-10C5-46CA-84A6-CECAF69BD13F}.Debug|x64.ActiveCfg = Debug|x64
		{12CF1E0E-10C5-46CA-84A6-CECAF69BD13F}.Debug|x64.Build.0 = Debug|x64
		{12CF1E0E-10C5-46CA-84A6-CECAF69BD13F}.Debug|x86.ActiveCfg = Debug|Win32
		{12CF1E0E-10C5-46CA-84A6-CECAF69BD13F}.Debug|x86.Build.0 = Debug|Win32
		{12CF1E0E-10C5-46CA-84A6-CECAF69BD13F}.Release|x64.ActiveCfg = Release|x64
		{12CF1E0E-10C5-46CA-84A6-CECAF69BD13F}.Release|x64.Build.0 = Release|x64
		{12CF1E0E-10C5-46CA-84A6-CECAF69BD13F}.Release|x86.ActiveCfg = Release|Win32
		{12CF1E0E-10C5-46CA-84A6-CECAF69BD13F}.Release|x86.Build.0 = Release|Win32
		{2788B798-9983-4279-816C-95AAE930BE74}.Debug|x64.ActiveCfg = Debug|x64
		{2788B798-9983-4279-816C-95AAE930BE74}.Debug|x64.Build.0 = Debug|x64
		{2788B798-9983-4279-816C-95AAE930BE74}.Debug|x86.ActiveCfg = Debug|Win32
		{2788B798-9983-4279-816C-95AAE930BE74}.Debug|x86.Build.0 = Debug|Win32
		{2788B798-9983-4279-816C-95AAE930BE74}.Release|x64.ActiveCfg = Release|x64
		{2788B798-9983-4279-816C-95AAE930BE74}.Release|x64.Build.0 = Release|x64
		{2788B798-9983-4279-816C-95AAE930BE74}.Release|x86.ActiveCfg = Release|Win32
		{2788B798-9983-4279-816C-95AAE930BE74}.Release|x86.Build.0 = Release|Win32
		{52ADE4C7-6B96-4C79-A857-5BE5A8EBD955}.Debug|x64.ActiveCfg = Debug|x64
		{52ADE4C7-6B96-4C79-A857-5BE5A8EBD955}.Debug|x64.Build.0 = Debug|x64
		{52ADE4C7-6B96-4C79-A857-5BE5A8EBD955}.Debug|x86.ActiveCfg = Debug|Win32
		{52ADE4C7-6B96-4C79-A857-5BE5A8EBD955}.Debug|x86.Build.0 = Debug|Win32
		{52ADE4C7-6B96-4C79-A857-5BE5A8EBD955}.Release|x64.ActiveCfg = Release|x64
		{52ADE4C7-6B96-4C79-A857-5BE5A8EBD955}.Release|x64.Build.0 = Release|x64
		{52ADE4C7-6B96-4C79-A857-5BE5A8EBD955}.Release|x86.ActiveCfg = Release|Win32
		{52ADE4C7-6B96-4C79-A857-5BE5A8EBD955}.Release|x86.Build.0 = Release|Win32
		{63272907-DD42-4CE2-BB3D-1D4D6D313287}.Debug|x64.ActiveCfg = Debug|x64
		{63272907-DD42-4CE2-BB3D-1D4D6D313287}.Debug|x64.Build.0 = Debug|x64
		{63272907-DD42-4CE2-BB3D-1D4D6D313287}.Debug|x86.ActiveCfg = Debug|Win32
		{63272907-DD42-4CE2-BB3D-1D4D6D313287}.Debug|x86.Build.0 = Debug|Win32
		{63272907-DD42-4CE2-BB3D-1D4D6D313287}.Release|x64.ActiveCfg = Release|x64
		{63272907-DD42-4CE2-BB3D-1D4D6D313287}.Release|x64.Build.0 = Release|x64
		{63272907-DD42-4CE2-BB3D-1D4D6D313287}.Release|x86.ActiveCfg = Release|Win32
		{63272907-DD42-4CE2-BB3D-1D4D6D313287}.Release|x86.Build.0 = Release|Win32
		{9B0F4E55-71E7-4AF2-B929-DA35DA8AA143}.Debug|x64.ActiveCfg = Debug|x64
		{9B0F4E55-71E7-4AF2-B929-DA35DA8AA143}.Debug|x64.Build.0 = Debug|x64
		{9B0F4E55-71E7-4AF2-B929-DA35DA8AA143}.Debug|x86.ActiveCfg = Debug|Win32
		{9B0F4E55-71E7-4AF2-B929-DA35DA8AA143}.Debug|x86.Build.0 = Debug|Win32
		{9B0F4E55-71E7-4AF2-B929-DA35DA8AA143}.Release|x64.ActiveCfg = Release|x64
		{9B0F4E55-71E7-4AF2-B929-DA35DA8AA143}.Release|x64.Build.0 = Release|x64
		{9B0F4E55-71E7-4AF2-B929-DA35DA8AA143}.Release|x86.ActiveCfg = Release|Win32
		{9B0F4E55-71E7-4AF2-B929-DA35DA8AA143}.Release|x86.Build.0 = Release|Win32
		{8A4C53E0-B129-40F4-8EF9-0AE6A9104E0A}.Debug|x64.ActiveCfg = Debug|x64
		{8A4C53E0-B129-40F4-8EF9-0AE6A9104E0A}.Debug|x64.Build.0 = Debug|x64
		{8A4C53E0-B129-40F4-8EF9-0AE6A9104E0A}.Debug|x86.ActiveCfg = Debug|Win32
		{8A4C53E0-B129-40F4-8EF9-0AE6A9104E0A}.Debug|x86.Build.0 = Debug|Win32
		{8A4C53E0-B129-40F4-8EF9-0AE6A9104E0A}.Release|x64.ActiveCfg = Release|x64
		{8A4C53E0-B129-40F4-8EF9-0AE6A9104E0A}.Release|x64.Build.0 = Release|x64
		{8A4C53E0-B129-40F4-8EF9-0AE6A9104E0A}.Release|x86.ActiveCfg = Release|Win32
		{8A4C53E0-B129-40F4-8EF9-0AE6A9104E0A}.Release|x86.Build.0 = Release|Win32
		{8AB4D367-EEBB-4FE2-AC18-3CD3D5A92751}.Debug|x64.ActiveCfg = Debug|x64
		{8AB4D367-EEBB-4FE2-AC18-3CD3D5A92751}.Debug|x64.Build.0 = Debug|x64
		{8AB4D367-EEBB-4FE2-AC18-3CD3D5A92751}.Debug|x86.ActiveCfg = Debug|Win32
		{8AB4D367-EEBB-4FE2-AC18-3CD3D5A92751}.Debug|x86.Build.0 = Debug|Win32
		{8AB4D367-EEBB-4FE2-AC18-3CD3D5A92751}.Release|x64.ActiveCfg = Release|x64
		{8AB4D367-EEBB-4FE2-AC18-3CD3D5A92751}.Release|x64.Build.0 = Release|x64
		{8AB4D367-EEBB-4FE2-AC18-3CD3D5A92751}.Release|x86.ActiveCfg = Release|Win32
		{8AB4D367-EEBB-4FE2-AC18-3CD3D5A92751}.Release|x86.Build.0 = Release|Win32
		{1BAA8AC4-2374-4308-9E3B-09A42ECCE2D8}.Debug|x64.ActiveCfg = Debug|x64
		{1BAA8AC4-2374-4308-9E3B-09A42ECCE2D8}.Debug|x64.Build.0 = Debug|x64
		{1BAA8AC4-2374-4308-9E3B-09A42ECCE2D8}.Debug|x86.ActiveCfg = Debug|Win32
		{1BAA8AC4-2374-4308-9E3B-09A42ECCE2D8}.Debug|x86.Build.0 = Debug|Win32
		{1BAA8AC4-2374-4308-9E3B-09A42ECCE2D8}.Release|x64.ActiveCfg = Release|x64
		{1BAA8AC4-2374-4308-9E3B-09A42ECCE2D8}.Release|x64.Build.0 = Release|x64
		{1BAA8AC4-2374-4308-9E3B-09A42ECCE2D8}.Release|x86.ActiveCfg = Release|Win32
		{1BAA8AC4-2374-4308-9E3B-09A42ECCE2D8}.Release|x86.Build.0 = Release|Win32
		{2D7BE498-455C-40EC-8AE3-A17FE715824F}.Debug|x64.ActiveCfg = Debug|x64
		{2D7BE498-455C-40EC-8AE3-A17FE715824F}.Debug|x64.Build.0 = Debug|x64
		{2D7BE498-455C-40EC-8AE3-A17FE715824F}.Debug|x86.ActiveCfg = Debug|Win32
		{2D7BE498-455C-40EC-8AE3-A17FE715824F}.Debug|x86.Build.0 = Debug|Win32
		{2D7BE498-455C-40EC-8AE3-A17FE715824F}.Release|x64.ActiveCfg = Release|x64
		{2D7BE498-455C-40EC-8AE3-A17FE715824F}.Release|x64.Build.0 = Release|x64
		{2D7BE498-455C-40EC-8AE3-A17FE715824F}.Release|x86.ActiveCfg = Release|Win32
		{2D7BE498-455C-40EC-8AE3-A17FE715824F}.Release|x86.Build.0 = Release|Win32
		{F16ED2DC-B0BE-4F4B-9E40-E36BA56578B9}.Debug|x64.ActiveCfg = Debug|x64
		{F16ED2DC-B0BE-4F4B-9E40-E36BA56578B9}.Debug|x64.Build.0 = Debug|x64
		{F16ED2DC-B0BE-4F4B-9E40-E36BA56578B9}.Debug|x86.ActiveCfg = Debug|Win32
		{F16ED2DC-B0BE-4F4B-9E40-E36BA56578B9}.Debug|x86.Build.0 = Debug|Win32
		{F16ED2DC-B0BE-4F4B-9E40-E36BA56578B9}.Release|x64.ActiveCfg = Release|x64
		{F16ED2DC-B0BE-4F4B-9E40-E36BA56578B9}.Release|x64.Build.0 = Release|x64
		{F16ED2DC-B0BE-4F4B-9E40-E36BA56578B9}.Release|x86.ActiveCfg = Release|Win32
		{F16ED2DC-B0BE-4F4B-9E40-E36BA56578B9}.Release|x86.Build.0 = Release|Win32
		{92440B6B-E75F-4CA8-9563-7A255DF609AE}.Debug|x64.ActiveCfg = Debug|x64
		{92440B6B-E75F-4CA8-9563-7A255DF609AE}.Debug|x64.Build.0 = Debug|x64
		{92440B6B-E75F-4CA8-9563-7A255DF609AE}.Debug|x86.ActiveCfg = Debug|Win32
		{92440B6B-E75F-4CA8-9563-7A255DF609AE}.Debug|x86.Build.0 = Debug|Win32
		{92440B6B-E75F-4CA8-9563-7A255DF609AE}.Release|x64.ActiveCfg = Release|x64
		{92440B6B-E75F-4CA8-9563-7A255DF609AE}.Release|x64.Build.0 = Release|x64
		{92440B6B-E75F-4CA8-9563-7A255DF609AE}.Release|x86.ActiveCfg = Release|Win32
		{92440B6B-E75F-4CA8-9563-7A255DF609AE}.Release|x86.Build.0 = Release|Win32
	EndGlobalSection
	GlobalSection(SolutionProperties) = preSolution
		HideSolutionNode = FALSE
	EndGlobalSection
EndGlobal
